
Microsoft Visual Studio Solution File, Format Version 12.00
# Visual Studio 15
VisualStudioVersion = 15.0.26730.12
MinimumVisualStudioVersion = 10.0.40219.1
Project("{8BC9CEB8-8B4A-11D0-8D11-00A0C91BC942}") = "Project5-1", "Project5-1\Project5-1.vcxproj", "{1A602ACE-A918-4FB3-8850-2BAA42F62E32}"
EndProject
Global
	GlobalSection(SolutionConfigurationPlatforms) = preSolution
		Debug|x64 = Debug|x64
		Debug|x86 = Debug|x86
		Release|x64 = Release|x64
		Release|x86 = Release|x86
	EndGlobalSection
	GlobalSection(ProjectConfigurationPlatforms) = postSolution
		{1A602ACE-A918-4FB3-8850-2BAA42F62E32}.Debug|x64.ActiveCfg = Debug|x64
		{1A602ACE-A918-4FB3-8850-2BAA42F62E32}.Debug|x64.Build.0 = Debug|x64
		{1A602ACE-A918-4FB3-8850-2BAA42F62E32}.Debug|x86.ActiveCfg = Debug|Win32
		{1A602ACE-A918-4FB3-8850-2BAA42F62E32}.Debug|x86.Build.0 = Debug|Win32
		{1A602ACE-A918-4FB3-8850-2BAA42F62E32}.Release|x64.ActiveCfg = Release|x64
		{1A602ACE-A918-4FB3-8850-2BAA42F62E32}.Release|x64.Build.0 = Release|x64
		{1A602ACE-A918-4FB3-8850-2BAA42F62E32}.Release|x86.ActiveCfg = Release|Win32
		{1A602ACE-A918-4FB3-8850-2BAA42F62E32}.Release|x86.Build.0 = Release|Win32
	EndGlobalSection
	GlobalSection(SolutionProperties) = preSolution
		HideSolutionNode = FALSE
	EndGlobalSection
	GlobalSection(ExtensibilityGlobals) = postSolution
		SolutionGuid = {CA1B1109-27C8-42E3-8687-4D02B83F7DDE}
	EndGlobalSection
EndGlobal
